
Microsoft Visual Studio Solution File, Format Version 12.00
# Visual Studio Version 17
VisualStudioVersion = 17.3.32929.385
MinimumVisualStudioVersion = 10.0.40219.1
Project("{FAE04EC0-301F-11D3-BF4B-00C04F79EFBC}") = "WebApp", "WebApp\WebApp.csproj", "{A071CF9E-40BD-4438-9849-2506111E8BA4}"
EndProject
Global
	GlobalSection(SolutionConfigurationPlatforms) = preSolution
		Debug|Any CPU = Debug|Any CPU
		Release|Any CPU = Release|Any CPU
	EndGlobalSection
	GlobalSection(ProjectConfigurationPlatforms) = postSolution
		{A071CF9E-40BD-4438-9849-2506111E8BA4}.Debug|Any CPU.ActiveCfg = Debug|Any CPU
		{A071CF9E-40BD-4438-9849-2506111E8BA4}.Debug|Any CPU.Build.0 = Debug|Any CPU
		{A071CF9E-40BD-4438-9849-2506111E8BA4}.Release|Any CPU.ActiveCfg = Release|Any CPU
		{A071CF9E-40BD-4438-9849-2506111E8BA4}.Release|Any CPU.Build.0 = Release|Any CPU
	EndGlobalSection
	GlobalSection(SolutionProperties) = preSolution
		HideSolutionNode = FALSE
	EndGlobalSection
	GlobalSection(ExtensibilityGlobals) = postSolution
		SolutionGuid = {1162F7D0-1D86-473D-85D7-E29619E93E6B}
	EndGlobalSection
EndGlobal
